
Microsoft Visual Studio Solution File, Format Version 12.00
Project("{2150E333-8FDC-42A3-9474-1A3956D46DE8}") = "days", "days", "{C460875D-60BC-41F1-BC93-A7C8B0341A8B}"
EndProject
Project("{2150E333-8FDC-42A3-9474-1A3956D46DE8}") = "libs", "libs", "{33E09F8C-C72C-4573-8486-13BA33935D63}"
EndProject
Project("{F2A71F9B-5D33-465A-A702-920D77279786}") = "Day1", "Day1\Day1.fsproj", "{A5729D34-466D-4DB3-9931-A6E0AACC143D}"
EndProject
Project("{F2A71F9B-5D33-465A-A702-920D77279786}") = "Common", "Common\Common.fsproj", "{237D83D7-ACA2-4FE4-A890-23F727E1AF15}"
EndProject
Project("{F2A71F9B-5D33-465A-A702-920D77279786}") = "Day2", "Day2\Day2.fsproj", "{20818F89-8908-4E71-BFB6-574BD0A1076C}"
EndProject
Project("{F2A71F9B-5D33-465A-A702-920D77279786}") = "Day3", "Day3\Day3.fsproj", "{2063771C-187F-41DA-B004-5BE6E9F9A110}"
EndProject
Global
	GlobalSection(SolutionConfigurationPlatforms) = preSolution
		Debug|Any CPU = Debug|Any CPU
		Release|Any CPU = Release|Any CPU
	EndGlobalSection
	GlobalSection(ProjectConfigurationPlatforms) = postSolution
		{A5729D34-466D-4DB3-9931-A6E0AACC143D}.Debug|Any CPU.ActiveCfg = Debug|Any CPU
		{A5729D34-466D-4DB3-9931-A6E0AACC143D}.Debug|Any CPU.Build.0 = Debug|Any CPU
		{A5729D34-466D-4DB3-9931-A6E0AACC143D}.Release|Any CPU.ActiveCfg = Release|Any CPU
		{A5729D34-466D-4DB3-9931-A6E0AACC143D}.Release|Any CPU.Build.0 = Release|Any CPU
		{237D83D7-ACA2-4FE4-A890-23F727E1AF15}.Debug|Any CPU.ActiveCfg = Debug|Any CPU
		{237D83D7-ACA2-4FE4-A890-23F727E1AF15}.Debug|Any CPU.Build.0 = Debug|Any CPU
		{237D83D7-ACA2-4FE4-A890-23F727E1AF15}.Release|Any CPU.ActiveCfg = Release|Any CPU
		{237D83D7-ACA2-4FE4-A890-23F727E1AF15}.Release|Any CPU.Build.0 = Release|Any CPU
		{20818F89-8908-4E71-BFB6-574BD0A1076C}.Debug|Any CPU.ActiveCfg = Debug|Any CPU
		{20818F89-8908-4E71-BFB6-574BD0A1076C}.Debug|Any CPU.Build.0 = Debug|Any CPU
		{20818F89-8908-4E71-BFB6-574BD0A1076C}.Release|Any CPU.ActiveCfg = Release|Any CPU
		{20818F89-8908-4E71-BFB6-574BD0A1076C}.Release|Any CPU.Build.0 = Release|Any CPU
		{2063771C-187F-41DA-B004-5BE6E9F9A110}.Debug|Any CPU.ActiveCfg = Debug|Any CPU
		{2063771C-187F-41DA-B004-5BE6E9F9A110}.Debug|Any CPU.Build.0 = Debug|Any CPU
		{2063771C-187F-41DA-B004-5BE6E9F9A110}.Release|Any CPU.ActiveCfg = Release|Any CPU
		{2063771C-187F-41DA-B004-5BE6E9F9A110}.Release|Any CPU.Build.0 = Release|Any CPU
	EndGlobalSection
	GlobalSection(NestedProjects) = preSolution
		{A5729D34-466D-4DB3-9931-A6E0AACC143D} = {C460875D-60BC-41F1-BC93-A7C8B0341A8B}
		{237D83D7-ACA2-4FE4-A890-23F727E1AF15} = {33E09F8C-C72C-4573-8486-13BA33935D63}
		{20818F89-8908-4E71-BFB6-574BD0A1076C} = {C460875D-60BC-41F1-BC93-A7C8B0341A8B}
		{2063771C-187F-41DA-B004-5BE6E9F9A110} = {C460875D-60BC-41F1-BC93-A7C8B0341A8B}
	EndGlobalSection
EndGlobal
